// !$*UTF8*$!
{
	archiveVersion = 1;
	classes = {
	};
	objectVersion = 56;
	objects = {

/* Begin PBXBuildFile section */
		DCA4A9DF2BA857C10085075F /* estud_iaApp.swift in Sources */ = {isa = PBXBuildFile; fileRef = DCA4A9DE2BA857C10085075F /* estud_iaApp.swift */; };
		DCA4A9E12BA857C10085075F /* HomeView.swift in Sources */ = {isa = PBXBuildFile; fileRef = DCA4A9E02BA857C10085075F /* HomeView.swift */; };
		DCA4A9E32BA857C20085075F /* Assets.xcassets in Resources */ = {isa = PBXBuildFile; fileRef = DCA4A9E22BA857C20085075F /* Assets.xcassets */; };
		DCA4A9E62BA857C20085075F /* Preview Assets.xcassets in Resources */ = {isa = PBXBuildFile; fileRef = DCA4A9E52BA857C20085075F /* Preview Assets.xcassets */; };
		DCA4A9FC2BA86F8D0085075F /* TabBar.swift in Sources */ = {isa = PBXBuildFile; fileRef = DCA4A9FB2BA86F8D0085075F /* TabBar.swift */; };
		DCA4AA012BA879F50085075F /* Colors.swift in Sources */ = {isa = PBXBuildFile; fileRef = DCA4AA002BA879F50085075F /* Colors.swift */; };
/* End PBXBuildFile section */

/* Begin PBXFileReference section */
		DCA4A9DB2BA857C10085075F /* estud.ia.app */ = {isa = PBXFileReference; explicitFileType = wrapper.application; includeInIndex = 0; path = estud.ia.app; sourceTree = BUILT_PRODUCTS_DIR; };
		DCA4A9DE2BA857C10085075F /* estud_iaApp.swift */ = {isa = PBXFileReference; lastKnownFileType = sourcecode.swift; path = estud_iaApp.swift; sourceTree = "<group>"; };
		DCA4A9E02BA857C10085075F /* HomeView.swift */ = {isa = PBXFileReference; lastKnownFileType = sourcecode.swift; path = HomeView.swift; sourceTree = "<group>"; };
		DCA4A9E22BA857C20085075F /* Assets.xcassets */ = {isa = PBXFileReference; lastKnownFileType = folder.assetcatalog; path = Assets.xcassets; sourceTree = "<group>"; };
		DCA4A9E52BA857C20085075F /* Preview Assets.xcassets */ = {isa = PBXFileReference; lastKnownFileType = folder.assetcatalog; path = "Preview Assets.xcassets"; sourceTree = "<group>"; };
		DCA4A9FB2BA86F8D0085075F /* TabBar.swift */ = {isa = PBXFileReference; lastKnownFileType = sourcecode.swift; path = TabBar.swift; sourceTree = "<group>"; };
		DCA4AA002BA879F50085075F /* Colors.swift */ = {isa = PBXFileReference; lastKnownFileType = sourcecode.swift; path = Colors.swift; sourceTree = "<group>"; };
/* End PBXFileReference section */

/* Begin PBXFrameworksBuildPhase section */
		DCA4A9D82BA857C10085075F /* Frameworks */ = {
			isa = PBXFrameworksBuildPhase;
			buildActionMask = 2147483647;
			files = (
			);
			runOnlyForDeploymentPostprocessing = 0;
		};
/* End PBXFrameworksBuildPhase section */

/* Begin PBXGroup section */
		DCA4A9D22BA857C10085075F = {
			isa = PBXGroup;
			children = (
				DCA4A9DD2BA857C10085075F /* estud.ia */,
				DCA4A9DC2BA857C10085075F /* Products */,
			);
			sourceTree = "<group>";
		};
		DCA4A9DC2BA857C10085075F /* Products */ = {
			isa = PBXGroup;
			children = (
				DCA4A9DB2BA857C10085075F /* estud.ia.app */,
			);
			name = Products;
			sourceTree = "<group>";
		};
		DCA4A9DD2BA857C10085075F /* estud.ia */ = {
			isa = PBXGroup;
			children = (
				DCA4A9EF2BA859A30085075F /* Services */,
				DCA4A9EE2BA8598F0085075F /* Modules */,
				DCA4A9ED2BA859800085075F /* UI */,
				DCA4A9EC2BA8596A0085075F /* Common */,
				DCA4A9DE2BA857C10085075F /* estud_iaApp.swift */,
				DCA4A9E22BA857C20085075F /* Assets.xcassets */,
				DCA4A9E42BA857C20085075F /* Preview Content */,
			);
			path = estud.ia;
			sourceTree = "<group>";
		};
		DCA4A9E42BA857C20085075F /* Preview Content */ = {
			isa = PBXGroup;
			children = (
				DCA4A9E52BA857C20085075F /* Preview Assets.xcassets */,
			);
			path = "Preview Content";
			sourceTree = "<group>";
		};
		DCA4A9EC2BA8596A0085075F /* Common */ = {
			isa = PBXGroup;
			children = (
				DCA4A9F22BA859C80085075F /* Extension */,
				DCA4A9F12BA859B90085075F /* Resources */,
				DCA4A9F02BA859B10085075F /* Files */,
			);
			path = Common;
			sourceTree = "<group>";
		};
		DCA4A9ED2BA859800085075F /* UI */ = {
			isa = PBXGroup;
			children = (
			);
			path = UI;
			sourceTree = "<group>";
		};
		DCA4A9EE2BA8598F0085075F /* Modules */ = {
			isa = PBXGroup;
			children = (
				DCA4A9FA2BA85FDC0085075F /* HomeModule */,
				DCA4A9F92BA85FBB0085075F /* LoginModule */,
			);
			path = Modules;
			sourceTree = "<group>";
		};
		DCA4A9EF2BA859A30085075F /* Services */ = {
			isa = PBXGroup;
			children = (
				DCA4A9F62BA85A380085075F /* DatabaseService */,
				DCA4A9F32BA859E70085075F /* APIService */,
			);
			path = Services;
			sourceTree = "<group>";
		};
		DCA4A9F02BA859B10085075F /* Files */ = {
			isa = PBXGroup;
			children = (
			);
			path = Files;
			sourceTree = "<group>";
		};
		DCA4A9F12BA859B90085075F /* Resources */ = {
			isa = PBXGroup;
			children = (
				DCA4AA002BA879F50085075F /* Colors.swift */,
			);
			path = Resources;
			sourceTree = "<group>";
		};
		DCA4A9F22BA859C80085075F /* Extension */ = {
			isa = PBXGroup;
			children = (
			);
			path = Extension;
			sourceTree = "<group>";
		};
		DCA4A9F32BA859E70085075F /* APIService */ = {
			isa = PBXGroup;
			children = (
				DCA4A9F52BA85A290085075F /* Endpoints */,
				DCA4A9F42BA859FC0085075F /* Models */,
			);
			path = APIService;
			sourceTree = "<group>";
		};
		DCA4A9F42BA859FC0085075F /* Models */ = {
			isa = PBXGroup;
			children = (
			);
			path = Models;
			sourceTree = "<group>";
		};
		DCA4A9F52BA85A290085075F /* Endpoints */ = {
			isa = PBXGroup;
			children = (
			);
			path = Endpoints;
			sourceTree = "<group>";
		};
		DCA4A9F62BA85A380085075F /* DatabaseService */ = {
			isa = PBXGroup;
			children = (
				DCA4A9F72BA85A490085075F /* Models */,
			);
			path = DatabaseService;
			sourceTree = "<group>";
		};
		DCA4A9F72BA85A490085075F /* Models */ = {
			isa = PBXGroup;
			children = (
			);
			path = Models;
			sourceTree = "<group>";
		};
		DCA4A9F92BA85FBB0085075F /* LoginModule */ = {
			isa = PBXGroup;
			children = (
			);
			path = LoginModule;
			sourceTree = "<group>";
		};
		DCA4A9FA2BA85FDC0085075F /* HomeModule */ = {
			isa = PBXGroup;
			children = (
				DCA4A9E02BA857C10085075F /* HomeView.swift */,
				DCA4A9FB2BA86F8D0085075F /* TabBar.swift */,
			);
			path = HomeModule;
			sourceTree = "<group>";
		};
/* End PBXGroup section */

/* Begin PBXNativeTarget section */
		DCA4A9DA2BA857C10085075F /* estud.ia */ = {
			isa = PBXNativeTarget;
			buildConfigurationList = DCA4A9E92BA857C20085075F /* Build configuration list for PBXNativeTarget "estud.ia" */;
			buildPhases = (
				DCA4A9D72BA857C10085075F /* Sources */,
				DCA4A9D82BA857C10085075F /* Frameworks */,
				DCA4A9D92BA857C10085075F /* Resources */,
			);
			buildRules = (
			);
			dependencies = (
			);
			name = estud.ia;
			productName = estud.ia;
			productReference = DCA4A9DB2BA857C10085075F /* estud.ia.app */;
			productType = "com.apple.product-type.application";
		};
/* End PBXNativeTarget section */

/* Begin PBXProject section */
		DCA4A9D32BA857C10085075F /* Project object */ = {
			isa = PBXProject;
			attributes = {
				BuildIndependentTargetsInParallel = 1;
				LastSwiftUpdateCheck = 1500;
				LastUpgradeCheck = 1500;
				TargetAttributes = {
					DCA4A9DA2BA857C10085075F = {
						CreatedOnToolsVersion = 15.0;
					};
				};
			};
			buildConfigurationList = DCA4A9D62BA857C10085075F /* Build configuration list for PBXProject "estud.ia" */;
			compatibilityVersion = "Xcode 14.0";
			developmentRegion = en;
			hasScannedForEncodings = 0;
			knownRegions = (
				en,
				Base,
			);
			mainGroup = DCA4A9D22BA857C10085075F;
			productRefGroup = DCA4A9DC2BA857C10085075F /* Products */;
			projectDirPath = "";
			projectRoot = "";
			targets = (
				DCA4A9DA2BA857C10085075F /* estud.ia */,
			);
		};
/* End PBXProject section */

/* Begin PBXResourcesBuildPhase section */
		DCA4A9D92BA857C10085075F /* Resources */ = {
			isa = PBXResourcesBuildPhase;
			buildActionMask = 2147483647;
			files = (
				DCA4A9E62BA857C20085075F /* Preview Assets.xcassets in Resources */,
				DCA4A9E32BA857C20085075F /* Assets.xcassets in Resources */,
			);
			runOnlyForDeploymentPostprocessing = 0;
		};
/* End PBXResourcesBuildPhase section */

/* Begin PBXSourcesBuildPhase section */
		DCA4A9D72BA857C10085075F /* Sources */ = {
			isa = PBXSourcesBuildPhase;
			buildActionMask = 2147483647;
			files = (
				DCA4A9FC2BA86F8D0085075F /* TabBar.swift in Sources */,
				DCA4AA012BA879F50085075F /* Colors.swift in Sources */,
				DCA4A9E12BA857C10085075F /* HomeView.swift in Sources */,
				DCA4A9DF2BA857C10085075F /* estud_iaApp.swift in Sources */,
			);
			runOnlyForDeploymentPostprocessing = 0;
		};
/* End PBXSourcesBuildPhase section */

/* Begin XCBuildConfiguration section */
		DCA4A9E72BA857C20085075F /* Debug */ = {
			isa = XCBuildConfiguration;
			buildSettings = {
				ALWAYS_SEARCH_USER_PATHS = NO;
				ASSETCATALOG_COMPILER_GENERATE_SWIFT_ASSET_SYMBOL_EXTENSIONS = YES;
				CLANG_ANALYZER_NONNULL = YES;
				CLANG_ANALYZER_NUMBER_OBJECT_CONVERSION = YES_AGGRESSIVE;
				CLANG_CXX_LANGUAGE_STANDARD = "gnu++20";
				CLANG_ENABLE_MODULES = YES;
				CLANG_ENABLE_OBJC_ARC = YES;
				CLANG_ENABLE_OBJC_WEAK = YES;
				CLANG_WARN_BLOCK_CAPTURE_AUTORELEASING = YES;
				CLANG_WARN_BOOL_CONVERSION = YES;
				CLANG_WARN_COMMA = YES;
				CLANG_WARN_CONSTANT_CONVERSION = YES;
				CLANG_WARN_DEPRECATED_OBJC_IMPLEMENTATIONS = YES;
				CLANG_WARN_DIRECT_OBJC_ISA_USAGE = YES_ERROR;
				CLANG_WARN_DOCUMENTATION_COMMENTS = YES;
				CLANG_WARN_EMPTY_BODY = YES;
				CLANG_WARN_ENUM_CONVERSION = YES;
				CLANG_WARN_INFINITE_RECURSION = YES;
				CLANG_WARN_INT_CONVERSION = YES;
				CLANG_WARN_NON_LITERAL_NULL_CONVERSION = YES;
				CLANG_WARN_OBJC_IMPLICIT_RETAIN_SELF = YES;
				CLANG_WARN_OBJC_LITERAL_CONVERSION = YES;
				CLANG_WARN_OBJC_ROOT_CLASS = YES_ERROR;
				CLANG_WARN_QUOTED_INCLUDE_IN_FRAMEWORK_HEADER = YES;
				CLANG_WARN_RANGE_LOOP_ANALYSIS = YES;
				CLANG_WARN_STRICT_PROTOTYPES = YES;
				CLANG_WARN_SUSPICIOUS_MOVE = YES;
				CLANG_WARN_UNGUARDED_AVAILABILITY = YES_AGGRESSIVE;
				CLANG_WARN_UNREACHABLE_CODE = YES;
				CLANG_WARN__DUPLICATE_METHOD_MATCH = YES;
				COPY_PHASE_STRIP = NO;
				DEBUG_INFORMATION_FORMAT = dwarf;
				ENABLE_STRICT_OBJC_MSGSEND = YES;
				ENABLE_TESTABILITY = YES;
				ENABLE_USER_SCRIPT_SANDBOXING = YES;
				GCC_C_LANGUAGE_STANDARD = gnu17;
				GCC_DYNAMIC_NO_PIC = NO;
				GCC_NO_COMMON_BLOCKS = YES;
				GCC_OPTIMIZATION_LEVEL = 0;
				GCC_PREPROCESSOR_DEFINITIONS = (
					"DEBUG=1",
					"$(inherited)",
				);
				GCC_WARN_64_TO_32_BIT_CONVERSION = YES;
				GCC_WARN_ABOUT_RETURN_TYPE = YES_ERROR;
				GCC_WARN_UNDECLARED_SELECTOR = YES;
				GCC_WARN_UNINITIALIZED_AUTOS = YES_AGGRESSIVE;
				GCC_WARN_UNUSED_FUNCTION = YES;
				GCC_WARN_UNUSED_VARIABLE = YES;
				IPHONEOS_DEPLOYMENT_TARGET = 17.0;
				LOCALIZATION_PREFERS_STRING_CATALOGS = YES;
				MTL_ENABLE_DEBUG_INFO = INCLUDE_SOURCE;
				MTL_FAST_MATH = YES;
				ONLY_ACTIVE_ARCH = YES;
				SDKROOT = iphoneos;
				SWIFT_ACTIVE_COMPILATION_CONDITIONS = "DEBUG $(inherited)";
				SWIFT_OPTIMIZATION_LEVEL = "-Onone";
			};
			name = Debug;
		};
		DCA4A9E82BA857C20085075F /* Release */ = {
			isa = XCBuildConfiguration;
			buildSettings = {
				ALWAYS_SEARCH_USER_PATHS = NO;
				ASSETCATALOG_COMPILER_GENERATE_SWIFT_ASSET_SYMBOL_EXTENSIONS = YES;
				CLANG_ANALYZER_NONNULL = YES;
				CLANG_ANALYZER_NUMBER_OBJECT_CONVERSION = YES_AGGRESSIVE;
				CLANG_CXX_LANGUAGE_STANDARD = "gnu++20";
				CLANG_ENABLE_MODULES = YES;
				CLANG_ENABLE_OBJC_ARC = YES;
				CLANG_ENABLE_OBJC_WEAK = YES;
				CLANG_WARN_BLOCK_CAPTURE_AUTORELEASING = YES;
				CLANG_WARN_BOOL_CONVERSION = YES;
				CLANG_WARN_COMMA = YES;
				CLANG_WARN_CONSTANT_CONVERSION = YES;
				CLANG_WARN_DEPRECATED_OBJC_IMPLEMENTATIONS = YES;
				CLANG_WARN_DIRECT_OBJC_ISA_USAGE = YES_ERROR;
				CLANG_WARN_DOCUMENTATION_COMMENTS = YES;
				CLANG_WARN_EMPTY_BODY = YES;
				CLANG_WARN_ENUM_CONVERSION = YES;
				CLANG_WARN_INFINITE_RECURSION = YES;
				CLANG_WARN_INT_CONVERSION = YES;
				CLANG_WARN_NON_LITERAL_NULL_CONVERSION = YES;
				CLANG_WARN_OBJC_IMPLICIT_RETAIN_SELF = YES;
				CLANG_WARN_OBJC_LITERAL_CONVERSION = YES;
				CLANG_WARN_OBJC_ROOT_CLASS = YES_ERROR;
				CLANG_WARN_QUOTED_INCLUDE_IN_FRAMEWORK_HEADER = YES;
				CLANG_WARN_RANGE_LOOP_ANALYSIS = YES;
				CLANG_WARN_STRICT_PROTOTYPES = YES;
				CLANG_WARN_SUSPICIOUS_MOVE = YES;
				CLANG_WARN_UNGUARDED_AVAILABILITY = YES_AGGRESSIVE;
				CLANG_WARN_UNREACHABLE_CODE = YES;
				CLANG_WARN__DUPLICATE_METHOD_MATCH = YES;
				COPY_PHASE_STRIP = NO;
				DEBUG_INFORMATION_FORMAT = "dwarf-with-dsym";
				ENABLE_NS_ASSERTIONS = NO;
				ENABLE_STRICT_OBJC_MSGSEND = YES;
				ENABLE_USER_SCRIPT_SANDBOXING = YES;
				GCC_C_LANGUAGE_STANDARD = gnu17;
				GCC_NO_COMMON_BLOCKS = YES;
				GCC_WARN_64_TO_32_BIT_CONVERSION = YES;
				GCC_WARN_ABOUT_RETURN_TYPE = YES_ERROR;
				GCC_WARN_UNDECLARED_SELECTOR = YES;
				GCC_WARN_UNINITIALIZED_AUTOS = YES_AGGRESSIVE;
				GCC_WARN_UNUSED_FUNCTION = YES;
				GCC_WARN_UNUSED_VARIABLE = YES;
				IPHONEOS_DEPLOYMENT_TARGET = 17.0;
				LOCALIZATION_PREFERS_STRING_CATALOGS = YES;
				MTL_ENABLE_DEBUG_INFO = NO;
				MTL_FAST_MATH = YES;
				SDKROOT = iphoneos;
				SWIFT_COMPILATION_MODE = wholemodule;
				VALIDATE_PRODUCT = YES;
			};
			name = Release;
		};
		DCA4A9EA2BA857C20085075F /* Debug */ = {
			isa = XCBuildConfiguration;
			buildSettings = {
				ASSETCATALOG_COMPILER_APPICON_NAME = AppIcon;
				ASSETCATALOG_COMPILER_GLOBAL_ACCENT_COLOR_NAME = AccentColor;
				CODE_SIGN_STYLE = Automatic;
				CURRENT_PROJECT_VERSION = 1;
				DEVELOPMENT_ASSET_PATHS = "\"estud.ia/Preview Content\"";
				DEVELOPMENT_TEAM = QXA8J72BU9;
				ENABLE_PREVIEWS = YES;
				GENERATE_INFOPLIST_FILE = YES;
				INFOPLIST_KEY_UIApplicationSceneManifest_Generation = YES;
				INFOPLIST_KEY_UIApplicationSupportsIndirectInputEvents = YES;
				INFOPLIST_KEY_UILaunchScreen_Generation = YES;
				INFOPLIST_KEY_UISupportedInterfaceOrientations_iPad = "UIInterfaceOrientationPortrait UIInterfaceOrientationPortraitUpsideDown UIInterfaceOrientationLandscapeLeft UIInterfaceOrientationLandscapeRight";
				INFOPLIST_KEY_UISupportedInterfaceOrientations_iPhone = "UIInterfaceOrientationPortrait UIInterfaceOrientationLandscapeLeft UIInterfaceOrientationLandscapeRight";
				LD_RUNPATH_SEARCH_PATHS = (
					"$(inherited)",
					"@executable_path/Frameworks",
				);
				MARKETING_VERSION = 1.0;
				PRODUCT_BUNDLE_IDENTIFIER = "com.fukamatsu.estud-ia";
				PRODUCT_NAME = "$(TARGET_NAME)";
				SWIFT_EMIT_LOC_STRINGS = YES;
				SWIFT_VERSION = 5.0;
				TARGETED_DEVICE_FAMILY = "1,2";
			};
			name = Debug;
		};
		DCA4A9EB2BA857C20085075F /* Release */ = {
			isa = XCBuildConfiguration;
			buildSettings = {
				ASSETCATALOG_COMPILER_APPICON_NAME = AppIcon;
				ASSETCATALOG_COMPILER_GLOBAL_ACCENT_COLOR_NAME = AccentColor;
				CODE_SIGN_STYLE = Automatic;
				CURRENT_PROJECT_VERSION = 1;
				DEVELOPMENT_ASSET_PATHS = "\"estud.ia/Preview Content\"";
				DEVELOPMENT_TEAM = QXA8J72BU9;
				ENABLE_PREVIEWS = YES;
				GENERATE_INFOPLIST_FILE = YES;
				INFOPLIST_KEY_UIApplicationSceneManifest_Generation = YES;
				INFOPLIST_KEY_UIApplicationSupportsIndirectInputEvents = YES;
				INFOPLIST_KEY_UILaunchScreen_Generation = YES;
				INFOPLIST_KEY_UISupportedInterfaceOrientations_iPad = "UIInterfaceOrientationPortrait UIInterfaceOrientationPortraitUpsideDown UIInterfaceOrientationLandscapeLeft UIInterfaceOrientationLandscapeRight";
				INFOPLIST_KEY_UISupportedInterfaceOrientations_iPhone = "UIInterfaceOrientationPortrait UIInterfaceOrientationLandscapeLeft UIInterfaceOrientationLandscapeRight";
				LD_RUNPATH_SEARCH_PATHS = (
					"$(inherited)",
					"@executable_path/Frameworks",
				);
				MARKETING_VERSION = 1.0;
				PRODUCT_BUNDLE_IDENTIFIER = "com.fukamatsu.estud-ia";
				PRODUCT_NAME = "$(TARGET_NAME)";
				SWIFT_EMIT_LOC_STRINGS = YES;
				SWIFT_VERSION = 5.0;
				TARGETED_DEVICE_FAMILY = "1,2";
			};
			name = Release;
		};
/* End XCBuildConfiguration section */

/* Begin XCConfigurationList section */
		DCA4A9D62BA857C10085075F /* Build configuration list for PBXProject "estud.ia" */ = {
			isa = XCConfigurationList;
			buildConfigurations = (
				DCA4A9E72BA857C20085075F /* Debug */,
				DCA4A9E82BA857C20085075F /* Release */,
			);
			defaultConfigurationIsVisible = 0;
			defaultConfigurationName = Release;
		};
		DCA4A9E92BA857C20085075F /* Build configuration list for PBXNativeTarget "estud.ia" */ = {
			isa = XCConfigurationList;
			buildConfigurations = (
				DCA4A9EA2BA857C20085075F /* Debug */,
				DCA4A9EB2BA857C20085075F /* Release */,
			);
			defaultConfigurationIsVisible = 0;
			defaultConfigurationName = Release;
		};
/* End XCConfigurationList section */
	};
	rootObject = DCA4A9D32BA857C10085075F /* Project object */;
}
